<?xml version="1.0" encoding="utf-8"?>
<Project ToolsVersion="4.0" xmlns="http://schemas.microsoft.com/developer/msbuild/2003">
  <ItemGroup>
    <Filter Include="Source Files">
      <UniqueIdentifier>{4FC737F1-C7A5-4376-A066-2A32D752A2FF}</UniqueIdentifier>
      <Extensions>cpp;c;cc;cxx;def;odl;idl;hpj;bat;asm;asmx</Extensions>
    </Filter>
    <Filter Include="Header Files">
      <UniqueIdentifier>{93995380-89BD-4b04-88EB-625FBE52EBFB}</UniqueIdentifier>
      <Extensions>h;hh;hpp;hxx;hm;inl;inc;xsd</Extensions>
    </Filter>
    <Filter Include="Resource Files">
      <UniqueIdentifier>{67DA6AB6-F800-4c08-8B7A-83BB121AAD01}</UniqueIdentifier>
      <Extensions>rc;ico;cur;bmp;dlg;rc2;rct;bin;rgs;gif;jpg;jpeg;jpe;resx;tiff;tif;png;wav;mfcribbon-ms</Extensions>
    </Filter>
    <Filter Include="Source Files\sdk">
      <UniqueIdentifier>{90c7e9b0-d068-4e58-8a5c-0c285925c057}</UniqueIdentifier>
    </Filter>
    <Filter Include="Header Files\sdk">
      <UniqueIdentifier>{e1574f80-21ee-495c-9dad-142b7709b50e}</UniqueIdentifier>
    </Filter>
    <Filter Include="AVPlayer">
      <UniqueIdentifier>{4de47ce6-157c-4774-b8ca-bc73238d8fc7}</UniqueIdentifier>
    </Filter>
    <Filter Include="JNetSDK">
      <UniqueIdentifier>{733bac46-badc-4916-8e6f-4586ff926d2c}</UniqueIdentifier>
    </Filter>
    <Filter Include="inc">
      <UniqueIdentifier>{a150abbd-936e-4897-a3b6-8cf40aaaa153}</UniqueIdentifier>
    </Filter>
  </ItemGroup>
  <ItemGroup>
    <Text Include="ReadMe.txt" />
  </ItemGroup>
  <ItemGroup>
    <ClInclude Include="AbstractVendor.h">
      <Filter>Header Files</Filter>
    </ClInclude>
    <ClInclude Include="JxjVendor\JxjVendor.h">
      <Filter>Header Files</Filter>
    </ClInclude>
    <ClInclude Include="inc\stdint.h">
      <Filter>inc</Filter>
    </ClInclude>
    <ClInclude Include="inc\mb_api.h">
      <Filter>inc</Filter>
    </ClInclude>
    <ClInclude Include="inc\Jtype.h">
      <Filter>inc</Filter>
    </ClInclude>
    <ClInclude Include="inc\j_sdk.h">
      <Filter>inc</Filter>
    </ClInclude>
    <ClInclude Include="inc\AVPlayer.h">
      <Filter>AVPlayer</Filter>
    </ClInclude>
    <ClInclude Include="inc\JNetSDK.h">
      <Filter>JNetSDK</Filter>
    </ClInclude>
    <ClInclude Include="JxjVendor\TestWindows.h">
      <Filter>Header Files</Filter>
    </ClInclude>
    <ClInclude Include="DZPVendor\DZPVendor.h">
      <Filter>Header Files</Filter>
    </ClInclude>
    <ClInclude Include="CommonUtrl.h">
      <Filter>Header Files</Filter>
    </ClInclude>
    <ClInclude Include="DHVendor.h">
      <Filter>Header Files</Filter>
    </ClInclude>
    <ClInclude Include="inc\AVPlayer.h">
      <Filter>Header Files</Filter>
    </ClInclude>
    <ClInclude Include="inc\JNetSDK.h">
      <Filter>Header Files</Filter>
    </ClInclude>
    <ClInclude Include="inc\Jtype.h">
      <Filter>Header Files</Filter>
    </ClInclude>
    <ClInclude Include="inc\j_sdk.h">
      <Filter>Header Files</Filter>
    </ClInclude>
    <ClInclude Include="inc\mb_api.h">
      <Filter>Header Files</Filter>
    </ClInclude>
    <ClInclude Include="inc\stdint.h">
      <Filter>Header Files</Filter>
    </ClInclude>
    <ClInclude Include="resource.h">
      <Filter>Header Files</Filter>
    </ClInclude>
    <ClInclude Include="Device.h">
      <Filter>Header Files</Filter>
    </ClInclude>
    <ClInclude Include="DeviceManager.h">
      <Filter>Header Files</Filter>
    </ClInclude>
    <ClInclude Include="..\..\transation\QMSqlite.h">
      <Filter>Header Files</Filter>
    </ClInclude>
    <ClInclude Include="RearchFile\SearchVideo.h">
      <Filter>Header Files</Filter>
    </ClInclude>
    <ClInclude Include="HKVendor.h">
      <Filter>Header Files</Filter>
    </ClInclude>
    <ClInclude Include="DownloadVideo.h">
      <Filter>Header Files</Filter>
    </ClInclude>
    <ClInclude Include="SendDataNotification.h">
      <Filter>Header Files</Filter>
    </ClInclude>
    <ClInclude Include="DownloadFileNotificationQueue.h">
      <Filter>Header Files</Filter>
    </ClInclude>
    <ClInclude Include="AcquireDataRunable.h">
      <Filter>Header Files</Filter>
    </ClInclude>
  </ItemGroup>
  <ItemGroup>
    <ClCompile Include="Robot.cpp">
      <Filter>Source Files</Filter>
    </ClCompile>
    <ClCompile Include="JxjVendor\JxjVendor.cpp">
      <Filter>Source Files</Filter>
    </ClCompile>
    <ClCompile Include="JxjVendor\TestWindows.cpp">
      <Filter>Source Files</Filter>
    </ClCompile>
    <ClCompile Include="DZPVendor\DZPVendor.cpp">
      <Filter>Source Files</Filter>
    </ClCompile>
    <ClCompile Include="CommonUtrl.cpp">
      <Filter>Source Files</Filter>
    </ClCompile>
    <ClCompile Include="DHVendor.cpp">
      <Filter>Source Files</Filter>
    </ClCompile>
    <ClCompile Include="Device.cpp">
      <Filter>Source Files</Filter>
    </ClCompile>
    <ClCompile Include="DeviceManager.cpp">
      <Filter>Source Files</Filter>
    </ClCompile>
    <ClCompile Include="..\..\transation\QMSqlite.cpp">
      <Filter>Source Files</Filter>
    </ClCompile>
    <ClCompile Include="RearchFile\SearchVideo.cpp">
      <Filter>Source Files</Filter>
    </ClCompile>
    <ClCompile Include="HKVendor.cpp">
      <Filter>Source Files</Filter>
    </ClCompile>
    <ClCompile Include="DownloadVideo.cpp">
      <Filter>Source Files</Filter>
    </ClCompile>
    <ClCompile Include="SendDataNotification.cpp">
      <Filter>Source Files</Filter>
    </ClCompile>
    <ClCompile Include="DownloadFileNotificationQueue.cpp">
      <Filter>Source Files</Filter>
    </ClCompile>
    <ClCompile Include="AcquireDataRunable.cpp">
      <Filter>Source Files</Filter>
    </ClCompile>
  </ItemGroup>
  <ItemGroup>
    <ResourceCompile Include="Robot.rc">
      <Filter>Resource Files</Filter>
    </ResourceCompile>
  </ItemGroup>
</Project>